PODS:
  - Flutter (1.0.0)
  - integration_test (0.0.1):
    - Flutter
  - ntracker_flutter (0.0.1):
    - Flutter
    - NTrackerSDKExt
  - NTrackerSDKExt (2.0.1)

DEPENDENCIES:
  - Flutter (from `Flutter`)
  - integration_test (from `.symlinks/plugins/integration_test/ios`)
  - ntracker_flutter (from `.symlinks/plugins/ntracker_flutter/ios`)

SPEC REPOS:
  trunk:
    - NTrackerSDKExt

EXTERNAL SOURCES:
  Flutter:
    :path: Flutter
  integration_test:
    :path: ".symlinks/plugins/integration_test/ios"
  ntracker_flutter:
    :path: ".symlinks/plugins/ntracker_flutter/ios"

SPEC CHECKSUMS:
  Flutter: e0871f40cf51350855a761d2e70bf5af5b9b5de7
  integration_test: 252f60fa39af5e17c3aa9899d35d908a0721b573
  ntracker_flutter: bdc276341e57c05cb60183a34d2cdae9f63becc3
  NTrackerSDKExt: dec42299a34f9b75c2c7fa78fe2679a1b6500e36

PODFILE CHECKSUM: 819463e6a0290f5a72f145ba7cde16e8b6ef0796

COCOAPODS: 1.16.2
